
Microsoft Visual Studio Solution File, Format Version 12.00
# Visual Studio Version 17
VisualStudioVersion = 17.0.31903.59
MinimumVisualStudioVersion = 10.0.40219.1
Project("{FAE04EC0-301F-11D3-BF4B-00C04F79EFBC}") = "blazor", "src\blazor\blazor\blazor.csproj", "{47387302-AEF4-4017-BDBD-4101AD2F049B}"
EndProject
Project("{FAE04EC0-301F-11D3-BF4B-00C04F79EFBC}") = "blazor.Client", "src\blazor\blazor.Client\blazor.Client.csproj", "{B662CE5B-FF5C-4E53-A545-D3467151DDC7}"
EndProject
Global
	GlobalSection(SolutionConfigurationPlatforms) = preSolution
		Debug|Any CPU = Debug|Any CPU
		Release|Any CPU = Release|Any CPU
	EndGlobalSection
	GlobalSection(SolutionProperties) = preSolution
		HideSolutionNode = FALSE
	EndGlobalSection
	GlobalSection(ProjectConfigurationPlatforms) = postSolution
		{47387302-AEF4-4017-BDBD-4101AD2F049B}.Debug|Any CPU.ActiveCfg = Debug|Any CPU
		{47387302-AEF4-4017-BDBD-4101AD2F049B}.Debug|Any CPU.Build.0 = Debug|Any CPU
		{47387302-AEF4-4017-BDBD-4101AD2F049B}.Release|Any CPU.ActiveCfg = Release|Any CPU
		{47387302-AEF4-4017-BDBD-4101AD2F049B}.Release|Any CPU.Build.0 = Release|Any CPU
		{B662CE5B-FF5C-4E53-A545-D3467151DDC7}.Debug|Any CPU.ActiveCfg = Debug|Any CPU
		{B662CE5B-FF5C-4E53-A545-D3467151DDC7}.Debug|Any CPU.Build.0 = Debug|Any CPU
		{B662CE5B-FF5C-4E53-A545-D3467151DDC7}.Release|Any CPU.ActiveCfg = Release|Any CPU
		{B662CE5B-FF5C-4E53-A545-D3467151DDC7}.Release|Any CPU.Build.0 = Release|Any CPU
	EndGlobalSection
EndGlobal
